<Solution>
  <Project Path="Unity.Timeline.csproj" />
  <Project Path="Unity.Timeline.Editor.csproj" />
  <Project Path="Unity.Animation.Rigging.Editor.csproj" />
  <Project Path="UnityEngine.TestRunner.csproj" />
  <Project Path="Unity.Splines.Editor.csproj" />
  <Project Path="Unity.Mathematics.csproj" />
  <Project Path="Unity.Multiplayer.Center.Editor.csproj" />
  <Project Path="Unity.Formats.Alembic.Editor.csproj" />
  <Project Path="UnityEditor.TestRunner.csproj" />
  <Project Path="Unity.Splines.csproj" />
  <Project Path="Unity.Burst.csproj" />
  <Project Path="Unity.Animation.Rigging.csproj" />
  <Project Path="Unity.VisualStudio.Editor.csproj" />
  <Project Path="Unity.Formats.Alembic.Runtime.csproj" />
  <Project Path="Unity.Burst.CodeGen.csproj" />
  <Project Path="Unity.Animation.Rigging.DocCodeExamples.csproj" />
  <Project Path="Unity.Burst.Editor.csproj" />
  <Project Path="Assembly-CSharp.csproj" />
  <Project Path="Unity.Settings.Editor.csproj" />
  <Project Path="Unity.Multiplayer.Center.Common.csproj" />
  <Project Path="Unity.Mathematics.Editor.csproj" />
  <Project Path="Assembly-CSharp-Editor.csproj" />
</Solution>
